
Microsoft Visual Studio Solution File, Format Version 12.00
# Visual Studio Version 17
VisualStudioVersion = 17.6.33712.159
MinimumVisualStudioVersion = 10.0.40219.1
Project("{9A19103F-16F7-4668-BE54-9A1E7A4F7556}") = "Calculator", "Calculator\Calculator.csproj", "{B51DA518-C00D-4D18-A234-65B0721BC509}"
EndProject
Project("{FAE04EC0-301F-11D3-BF4B-00C04F79EFBC}") = "Calculator.Tests", "Calculator.Tests\Calculator.Tests.csproj", "{044A92D7-3631-44C9-8389-F887F712E46F}"
EndProject
Global
	GlobalSection(SolutionConfigurationPlatforms) = preSolution
		Debug|Any CPU = Debug|Any CPU
		Release|Any CPU = Release|Any CPU
	EndGlobalSection
	GlobalSection(ProjectConfigurationPlatforms) = postSolution
		{B51DA518-C00D-4D18-A234-65B0721BC509}.Debug|Any CPU.ActiveCfg = Debug|Any CPU
		{B51DA518-C00D-4D18-A234-65B0721BC509}.Debug|Any CPU.Build.0 = Debug|Any CPU
		{B51DA518-C00D-4D18-A234-65B0721BC509}.Release|Any CPU.ActiveCfg = Release|Any CPU
		{B51DA518-C00D-4D18-A234-65B0721BC509}.Release|Any CPU.Build.0 = Release|Any CPU
		{044A92D7-3631-44C9-8389-F887F712E46F}.Debug|Any CPU.ActiveCfg = Debug|Any CPU
		{044A92D7-3631-44C9-8389-F887F712E46F}.Debug|Any CPU.Build.0 = Debug|Any CPU
		{044A92D7-3631-44C9-8389-F887F712E46F}.Release|Any CPU.ActiveCfg = Release|Any CPU
		{044A92D7-3631-44C9-8389-F887F712E46F}.Release|Any CPU.Build.0 = Release|Any CPU
	EndGlobalSection
	GlobalSection(SolutionProperties) = preSolution
		HideSolutionNode = FALSE
	EndGlobalSection
	GlobalSection(ExtensibilityGlobals) = postSolution
		SolutionGuid = {F2758023-E59F-4BFB-A41E-F21B07BDB1F8}
	EndGlobalSection
EndGlobal
